// !$*UTF8*$!
{
	archiveVersion = 1;
	classes = {
	};
	objectVersion = 46;
	objects = {

/* Begin PBXBuildFile section */
		C96B40691FAE57810015259D /* main.cpp in Sources */ = {isa = PBXBuildFile; fileRef = C96B40681FAE57810015259D /* main.cpp */; };
		C96B40741FAE59A90015259D /* menu.cpp in Sources */ = {isa = PBXBuildFile; fileRef = C96B406F1FAE59A90015259D /* menu.cpp */; };
		C96B40751FAE59A90015259D /* validation.cpp in Sources */ = {isa = PBXBuildFile; fileRef = C96B40711FAE59A90015259D /* validation.cpp */; };
		C96B40761FAE59A90015259D /* makefile in Sources */ = {isa = PBXBuildFile; fileRef = C96B40731FAE59A90015259D /* makefile */; };
		C96B40791FAE5C640015259D /* nodes.cpp in Sources */ = {isa = PBXBuildFile; fileRef = C96B40771FAE5C640015259D /* nodes.cpp */; };
/* End PBXBuildFile section */

/* Begin PBXCopyFilesBuildPhase section */
		C96B40631FAE57810015259D /* CopyFiles */ = {
			isa = PBXCopyFilesBuildPhase;
			buildActionMask = 2147483647;
			dstPath = /usr/share/man/man1/;
			dstSubfolderSpec = 0;
			files = (
			);
			runOnlyForDeploymentPostprocessing = 1;
		};
/* End PBXCopyFilesBuildPhase section */

/* Begin PBXFileReference section */
		C96B40651FAE57810015259D /* Lab6 */ = {isa = PBXFileReference; explicitFileType = "compiled.mach-o.executable"; includeInIndex = 0; path = Lab6; sourceTree = BUILT_PRODUCTS_DIR; };
		C96B40681FAE57810015259D /* main.cpp */ = {isa = PBXFileReference; lastKnownFileType = sourcecode.cpp.cpp; path = main.cpp; sourceTree = "<group>"; };
		C96B406F1FAE59A90015259D /* menu.cpp */ = {isa = PBXFileReference; fileEncoding = 4; lastKnownFileType = sourcecode.cpp.cpp; path = menu.cpp; sourceTree = "<group>"; };
		C96B40701FAE59A90015259D /* menu.hpp */ = {isa = PBXFileReference; fileEncoding = 4; lastKnownFileType = sourcecode.cpp.h; path = menu.hpp; sourceTree = "<group>"; };
		C96B40711FAE59A90015259D /* validation.cpp */ = {isa = PBXFileReference; fileEncoding = 4; lastKnownFileType = sourcecode.cpp.cpp; path = validation.cpp; sourceTree = "<group>"; };
		C96B40721FAE59A90015259D /* validation.hpp */ = {isa = PBXFileReference; fileEncoding = 4; lastKnownFileType = sourcecode.cpp.h; path = validation.hpp; sourceTree = "<group>"; };
		C96B40731FAE59A90015259D /* makefile */ = {isa = PBXFileReference; fileEncoding = 4; lastKnownFileType = sourcecode.make; path = makefile; sourceTree = "<group>"; };
		C96B40771FAE5C640015259D /* nodes.cpp */ = {isa = PBXFileReference; fileEncoding = 4; lastKnownFileType = sourcecode.cpp.cpp; path = nodes.cpp; sourceTree = "<group>"; };
		C96B40781FAE5C640015259D /* nodes.hpp */ = {isa = PBXFileReference; fileEncoding = 4; lastKnownFileType = sourcecode.cpp.h; path = nodes.hpp; sourceTree = "<group>"; };
		C96B407A1FAF2BA50015259D /* numbers.txt */ = {isa = PBXFileReference; fileEncoding = 4; lastKnownFileType = text; path = numbers.txt; sourceTree = "<group>"; };
/* End PBXFileReference section */

/* Begin PBXFrameworksBuildPhase section */
		C96B40621FAE57810015259D /* Frameworks */ = {
			isa = PBXFrameworksBuildPhase;
			buildActionMask = 2147483647;
			files = (
			);
			runOnlyForDeploymentPostprocessing = 0;
		};
/* End PBXFrameworksBuildPhase section */

/* Begin PBXGroup section */
		C96B405C1FAE57810015259D = {
			isa = PBXGroup;
			children = (
				C96B40671FAE57810015259D /* Lab6 */,
				C96B40661FAE57810015259D /* Products */,
			);
			sourceTree = "<group>";
		};
		C96B40661FAE57810015259D /* Products */ = {
			isa = PBXGroup;
			children = (
				C96B40651FAE57810015259D /* Lab6 */,
			);
			name = Products;
			sourceTree = "<group>";
		};
		C96B40671FAE57810015259D /* Lab6 */ = {
			isa = PBXGroup;
			children = (
				C96B40681FAE57810015259D /* main.cpp */,
				C96B40771FAE5C640015259D /* nodes.cpp */,
				C96B40781FAE5C640015259D /* nodes.hpp */,
				C96B406F1FAE59A90015259D /* menu.cpp */,
				C96B40701FAE59A90015259D /* menu.hpp */,
				C96B40711FAE59A90015259D /* validation.cpp */,
				C96B40721FAE59A90015259D /* validation.hpp */,
				C96B40731FAE59A90015259D /* makefile */,
				C96B407A1FAF2BA50015259D /* numbers.txt */,
			);
			path = Lab6;
			sourceTree = "<group>";
		};
/* End PBXGroup section */

/* Begin PBXNativeTarget section */
		C96B40641FAE57810015259D /* Lab6 */ = {
			isa = PBXNativeTarget;
			buildConfigurationList = C96B406C1FAE57810015259D /* Build configuration list for PBXNativeTarget "Lab6" */;
			buildPhases = (
				C96B40611FAE57810015259D /* Sources */,
				C96B40621FAE57810015259D /* Frameworks */,
				C96B40631FAE57810015259D /* CopyFiles */,
			);
			buildRules = (
			);
			dependencies = (
			);
			name = Lab6;
			productName = Lab6;
			productReference = C96B40651FAE57810015259D /* Lab6 */;
			productType = "com.apple.product-type.tool";
		};
/* End PBXNativeTarget section */

/* Begin PBXProject section */
		C96B405D1FAE57810015259D /* Project object */ = {
			isa = PBXProject;
			attributes = {
				LastUpgradeCheck = 0830;
				ORGANIZATIONNAME = "Christopher Matian";
				TargetAttributes = {
					C96B40641FAE57810015259D = {
						CreatedOnToolsVersion = 8.3.2;
						ProvisioningStyle = Automatic;
					};
				};
			};
			buildConfigurationList = C96B40601FAE57810015259D /* Build configuration list for PBXProject "Lab6" */;
			compatibilityVersion = "Xcode 3.2";
			developmentRegion = English;
			hasScannedForEncodings = 0;
			knownRegions = (
				en,
			);
			mainGroup = C96B405C1FAE57810015259D;
			productRefGroup = C96B40661FAE57810015259D /* Products */;
			projectDirPath = "";
			projectRoot = "";
			targets = (
				C96B40641FAE57810015259D /* Lab6 */,
			);
		};
/* End PBXProject section */

/* Begin PBXSourcesBuildPhase section */
		C96B40611FAE57810015259D /* Sources */ = {
			isa = PBXSourcesBuildPhase;
			buildActionMask = 2147483647;
			files = (
				C96B40741FAE59A90015259D /* menu.cpp in Sources */,
				C96B40751FAE59A90015259D /* validation.cpp in Sources */,
				C96B40761FAE59A90015259D /* makefile in Sources */,
				C96B40791FAE5C640015259D /* nodes.cpp in Sources */,
				C96B40691FAE57810015259D /* main.cpp in Sources */,
			);
			runOnlyForDeploymentPostprocessing = 0;
		};
/* End PBXSourcesBuildPhase section */

/* Begin XCBuildConfiguration section */
		C96B406A1FAE57810015259D /* Debug */ = {
			isa = XCBuildConfiguration;
			buildSettings = {
				ALWAYS_SEARCH_USER_PATHS = NO;
				CLANG_ANALYZER_NONNULL = YES;
				CLANG_ANALYZER_NUMBER_OBJECT_CONVERSION = YES_AGGRESSIVE;
				CLANG_CXX_LANGUAGE_STANDARD = "gnu++0x";
				CLANG_CXX_LIBRARY = "libc++";
				CLANG_ENABLE_MODULES = YES;
				CLANG_ENABLE_OBJC_ARC = YES;
				CLANG_WARN_BOOL_CONVERSION = YES;
				CLANG_WARN_CONSTANT_CONVERSION = YES;
				CLANG_WARN_DIRECT_OBJC_ISA_USAGE = YES_ERROR;
				CLANG_WARN_DOCUMENTATION_COMMENTS = YES;
				CLANG_WARN_EMPTY_BODY = YES;
				CLANG_WARN_ENUM_CONVERSION = YES;
				CLANG_WARN_INFINITE_RECURSION = YES;
				CLANG_WARN_INT_CONVERSION = YES;
				CLANG_WARN_OBJC_ROOT_CLASS = YES_ERROR;
				CLANG_WARN_SUSPICIOUS_MOVE = YES;
				CLANG_WARN_UNREACHABLE_CODE = YES;
				CLANG_WARN__DUPLICATE_METHOD_MATCH = YES;
				CODE_SIGN_IDENTITY = "-";
				COPY_PHASE_STRIP = NO;
				DEBUG_INFORMATION_FORMAT = dwarf;
				ENABLE_STRICT_OBJC_MSGSEND = YES;
				ENABLE_TESTABILITY = YES;
				GCC_C_LANGUAGE_STANDARD = gnu99;
				GCC_DYNAMIC_NO_PIC = NO;
				GCC_NO_COMMON_BLOCKS = YES;
				GCC_OPTIMIZATION_LEVEL = 0;
				GCC_PREPROCESSOR_DEFINITIONS = (
					"DEBUG=1",
					"$(inherited)",
				);
				GCC_WARN_64_TO_32_BIT_CONVERSION = YES;
				GCC_WARN_ABOUT_RETURN_TYPE = YES_ERROR;
				GCC_WARN_UNDECLARED_SELECTOR = YES;
				GCC_WARN_UNINITIALIZED_AUTOS = YES_AGGRESSIVE;
				GCC_WARN_UNUSED_FUNCTION = YES;
				GCC_WARN_UNUSED_VARIABLE = YES;
				MACOSX_DEPLOYMENT_TARGET = 10.12;
				MTL_ENABLE_DEBUG_INFO = YES;
				ONLY_ACTIVE_ARCH = YES;
				SDKROOT = macosx;
			};
			name = Debug;
		};
		C96B406B1FAE57810015259D /* Release */ = {
			isa = XCBuildConfiguration;
			buildSettings = {
				ALWAYS_SEARCH_USER_PATHS = NO;
				CLANG_ANALYZER_NONNULL = YES;
				CLANG_ANALYZER_NUMBER_OBJECT_CONVERSION = YES_AGGRESSIVE;
				CLANG_CXX_LANGUAGE_STANDARD = "gnu++0x";
				CLANG_CXX_LIBRARY = "libc++";
				CLANG_ENABLE_MODULES = YES;
				CLANG_ENABLE_OBJC_ARC = YES;
				CLANG_WARN_BOOL_CONVERSION = YES;
				CLANG_WARN_CONSTANT_CONVERSION = YES;
				CLANG_WARN_DIRECT_OBJC_ISA_USAGE = YES_ERROR;
				CLANG_WARN_DOCUMENTATION_COMMENTS = YES;
				CLANG_WARN_EMPTY_BODY = YES;
				CLANG_WARN_ENUM_CONVERSION = YES;
				CLANG_WARN_INFINITE_RECURSION = YES;
				CLANG_WARN_INT_CONVERSION = YES;
				CLANG_WARN_OBJC_ROOT_CLASS = YES_ERROR;
				CLANG_WARN_SUSPICIOUS_MOVE = YES;
				CLANG_WARN_UNREACHABLE_CODE = YES;
				CLANG_WARN__DUPLICATE_METHOD_MATCH = YES;
				CODE_SIGN_IDENTITY = "-";
				COPY_PHASE_STRIP = NO;
				DEBUG_INFORMATION_FORMAT = "dwarf-with-dsym";
				ENABLE_NS_ASSERTIONS = NO;
				ENABLE_STRICT_OBJC_MSGSEND = YES;
				GCC_C_LANGUAGE_STANDARD = gnu99;
				GCC_NO_COMMON_BLOCKS = YES;
				GCC_WARN_64_TO_32_BIT_CONVERSION = YES;
				GCC_WARN_ABOUT_RETURN_TYPE = YES_ERROR;
				GCC_WARN_UNDECLARED_SELECTOR = YES;
				GCC_WARN_UNINITIALIZED_AUTOS = YES_AGGRESSIVE;
				GCC_WARN_UNUSED_FUNCTION = YES;
				GCC_WARN_UNUSED_VARIABLE = YES;
				MACOSX_DEPLOYMENT_TARGET = 10.12;
				MTL_ENABLE_DEBUG_INFO = NO;
				SDKROOT = macosx;
			};
			name = Release;
		};
		C96B406D1FAE57810015259D /* Debug */ = {
			isa = XCBuildConfiguration;
			buildSettings = {
				PRODUCT_NAME = "$(TARGET_NAME)";
			};
			name = Debug;
		};
		C96B406E1FAE57810015259D /* Release */ = {
			isa = XCBuildConfiguration;
			buildSettings = {
				PRODUCT_NAME = "$(TARGET_NAME)";
			};
			name = Release;
		};
/* End XCBuildConfiguration section */

/* Begin XCConfigurationList section */
		C96B40601FAE57810015259D /* Build configuration list for PBXProject "Lab6" */ = {
			isa = XCConfigurationList;
			buildConfigurations = (
				C96B406A1FAE57810015259D /* Debug */,
				C96B406B1FAE57810015259D /* Release */,
			);
			defaultConfigurationIsVisible = 0;
			defaultConfigurationName = Release;
		};
		C96B406C1FAE57810015259D /* Build configuration list for PBXNativeTarget "Lab6" */ = {
			isa = XCConfigurationList;
			buildConfigurations = (
				C96B406D1FAE57810015259D /* Debug */,
				C96B406E1FAE57810015259D /* Release */,
			);
			defaultConfigurationIsVisible = 0;
		};
/* End XCConfigurationList section */
	};
	rootObject = C96B405D1FAE57810015259D /* Project object */;
}
